
Microsoft Visual Studio Solution File, Format Version 12.00
# Visual Studio 2012
Project("{FAE04EC0-301F-11D3-BF4B-00C04F79EFBC}") = "ReadFeed", "ReadFeed\ReadFeed.csproj", "{EEB592DD-27FD-4A6B-BEFF-A454FD983950}"
EndProject
Project("{FAE04EC0-301F-11D3-BF4B-00C04F79EFBC}") = "ReadFeed.Kernel", "ReadFeed.Kernel\ReadFeed.Kernel.csproj", "{359DBBDC-E356-4A7B-9643-AF55356F5DC4}"
EndProject
Global
	GlobalSection(SolutionConfigurationPlatforms) = preSolution
		Debug|Any CPU = Debug|Any CPU
		Release|Any CPU = Release|Any CPU
	EndGlobalSection
	GlobalSection(ProjectConfigurationPlatforms) = postSolution
		{EEB592DD-27FD-4A6B-BEFF-A454FD983950}.Debug|Any CPU.ActiveCfg = Debug|Any CPU
		{EEB592DD-27FD-4A6B-BEFF-A454FD983950}.Debug|Any CPU.Build.0 = Debug|Any CPU
		{EEB592DD-27FD-4A6B-BEFF-A454FD983950}.Release|Any CPU.ActiveCfg = Release|Any CPU
		{EEB592DD-27FD-4A6B-BEFF-A454FD983950}.Release|Any CPU.Build.0 = Release|Any CPU
		{359DBBDC-E356-4A7B-9643-AF55356F5DC4}.Debug|Any CPU.ActiveCfg = Debug|Any CPU
		{359DBBDC-E356-4A7B-9643-AF55356F5DC4}.Debug|Any CPU.Build.0 = Debug|Any CPU
		{359DBBDC-E356-4A7B-9643-AF55356F5DC4}.Release|Any CPU.ActiveCfg = Release|Any CPU
		{359DBBDC-E356-4A7B-9643-AF55356F5DC4}.Release|Any CPU.Build.0 = Release|Any CPU
	EndGlobalSection
	GlobalSection(SolutionProperties) = preSolution
		HideSolutionNode = FALSE
	EndGlobalSection
EndGlobal
